
Microsoft Visual Studio Solution File, Format Version 12.00
# Visual Studio Version 17
VisualStudioVersion = 17.0.31919.166
MinimumVisualStudioVersion = 10.0.40219.1
Project("{9A19103F-16F7-4668-BE54-9A1E7A4F7556}") = "MVC_FILE(VIEW)", "MVC_FILE(VIEW)\MVC_FILE(VIEW).csproj", "{90D8EEB6-12A3-4FBD-B633-0F0C82106F60}"
EndProject
Global
	GlobalSection(SolutionConfigurationPlatforms) = preSolution
		Debug|Any CPU = Debug|Any CPU
		Release|Any CPU = Release|Any CPU
	EndGlobalSection
	GlobalSection(ProjectConfigurationPlatforms) = postSolution
		{90D8EEB6-12A3-4FBD-B633-0F0C82106F60}.Debug|Any CPU.ActiveCfg = Debug|Any CPU
		{90D8EEB6-12A3-4FBD-B633-0F0C82106F60}.Debug|Any CPU.Build.0 = Debug|Any CPU
		{90D8EEB6-12A3-4FBD-B633-0F0C82106F60}.Release|Any CPU.ActiveCfg = Release|Any CPU
		{90D8EEB6-12A3-4FBD-B633-0F0C82106F60}.Release|Any CPU.Build.0 = Release|Any CPU
	EndGlobalSection
	GlobalSection(SolutionProperties) = preSolution
		HideSolutionNode = FALSE
	EndGlobalSection
	GlobalSection(ExtensibilityGlobals) = postSolution
		SolutionGuid = {0E51F8E0-17C0-4ED9-940A-0C981E155105}
	EndGlobalSection
EndGlobal
